// !$*UTF8*$!
{
	archiveVersion = 1;
	classes = {
	};
	objectVersion = 50;
	objects = {

/* Begin PBXBuildFile section */
		460896E126E0CBD900D50E60 /* ResultProcessor.swift in Sources */ = {isa = PBXBuildFile; fileRef = 460896E026E0CBD900D50E60 /* ResultProcessor.swift */; };
		4618BE4A26D4D1E30075EA2E /* AppDelegate.swift in Sources */ = {isa = PBXBuildFile; fileRef = 4618BE4926D4D1E30075EA2E /* AppDelegate.swift */; };
		4618BE4C26D4D1E30075EA2E /* SceneDelegate.swift in Sources */ = {isa = PBXBuildFile; fileRef = 4618BE4B26D4D1E30075EA2E /* SceneDelegate.swift */; };
		4618BE5126D4D1E30075EA2E /* Main.storyboard in Resources */ = {isa = PBXBuildFile; fileRef = 4618BE4F26D4D1E30075EA2E /* Main.storyboard */; };
		4618BE5326D4D1E80075EA2E /* Assets.xcassets in Resources */ = {isa = PBXBuildFile; fileRef = 4618BE5226D4D1E80075EA2E /* Assets.xcassets */; };
		4618BE5626D4D1E80075EA2E /* LaunchScreen.storyboard in Resources */ = {isa = PBXBuildFile; fileRef = 4618BE5426D4D1E80075EA2E /* LaunchScreen.storyboard */; };
		46ADF8D626DE2C0900687085 /* RequestHandler.swift in Sources */ = {isa = PBXBuildFile; fileRef = 46ADF8D526DE2C0900687085 /* RequestHandler.swift */; };
		46ADF8D826E0850400687085 /* AboutViewController.swift in Sources */ = {isa = PBXBuildFile; fileRef = 46ADF8D726E0850400687085 /* AboutViewController.swift */; };
		46ADF8DA26E0863500687085 /* MainViewController.swift in Sources */ = {isa = PBXBuildFile; fileRef = 46ADF8D926E0863500687085 /* MainViewController.swift */; };
		46ADF8E226E0B95400687085 /* PersonCell.swift in Sources */ = {isa = PBXBuildFile; fileRef = 46ADF8E026E0B95400687085 /* PersonCell.swift */; };
		46ADF8E326E0B95400687085 /* PersonCell.xib in Resources */ = {isa = PBXBuildFile; fileRef = 46ADF8E126E0B95400687085 /* PersonCell.xib */; };
		46EA63CE26DB77810064A9A7 /* ResultViewController.swift in Sources */ = {isa = PBXBuildFile; fileRef = 46EA63CD26DB77810064A9A7 /* ResultViewController.swift */; };
/* End PBXBuildFile section */

/* Begin PBXFileReference section */
		460896E026E0CBD900D50E60 /* ResultProcessor.swift */ = {isa = PBXFileReference; lastKnownFileType = sourcecode.swift; path = ResultProcessor.swift; sourceTree = "<group>"; };
		4618BE4626D4D1E30075EA2E /* HappyPeople.app */ = {isa = PBXFileReference; explicitFileType = wrapper.application; includeInIndex = 0; path = HappyPeople.app; sourceTree = BUILT_PRODUCTS_DIR; };
		4618BE4926D4D1E30075EA2E /* AppDelegate.swift */ = {isa = PBXFileReference; lastKnownFileType = sourcecode.swift; path = AppDelegate.swift; sourceTree = "<group>"; };
		4618BE4B26D4D1E30075EA2E /* SceneDelegate.swift */ = {isa = PBXFileReference; lastKnownFileType = sourcecode.swift; path = SceneDelegate.swift; sourceTree = "<group>"; };
		4618BE5026D4D1E30075EA2E /* Base */ = {isa = PBXFileReference; lastKnownFileType = file.storyboard; name = Base; path = Base.lproj/Main.storyboard; sourceTree = "<group>"; };
		4618BE5226D4D1E80075EA2E /* Assets.xcassets */ = {isa = PBXFileReference; lastKnownFileType = folder.assetcatalog; path = Assets.xcassets; sourceTree = "<group>"; };
		4618BE5526D4D1E80075EA2E /* Base */ = {isa = PBXFileReference; lastKnownFileType = file.storyboard; name = Base; path = Base.lproj/LaunchScreen.storyboard; sourceTree = "<group>"; };
		4618BE5726D4D1E80075EA2E /* Info.plist */ = {isa = PBXFileReference; lastKnownFileType = text.plist.xml; path = Info.plist; sourceTree = "<group>"; };
		46ADF8D526DE2C0900687085 /* RequestHandler.swift */ = {isa = PBXFileReference; lastKnownFileType = sourcecode.swift; path = RequestHandler.swift; sourceTree = "<group>"; };
		46ADF8D726E0850400687085 /* AboutViewController.swift */ = {isa = PBXFileReference; lastKnownFileType = sourcecode.swift; path = AboutViewController.swift; sourceTree = "<group>"; };
		46ADF8D926E0863500687085 /* MainViewController.swift */ = {isa = PBXFileReference; fileEncoding = 4; lastKnownFileType = sourcecode.swift; path = MainViewController.swift; sourceTree = "<group>"; };
		46ADF8E026E0B95400687085 /* PersonCell.swift */ = {isa = PBXFileReference; lastKnownFileType = sourcecode.swift; path = PersonCell.swift; sourceTree = "<group>"; };
		46ADF8E126E0B95400687085 /* PersonCell.xib */ = {isa = PBXFileReference; lastKnownFileType = file.xib; path = PersonCell.xib; sourceTree = "<group>"; };
		46EA63CD26DB77810064A9A7 /* ResultViewController.swift */ = {isa = PBXFileReference; lastKnownFileType = sourcecode.swift; path = ResultViewController.swift; sourceTree = "<group>"; };
/* End PBXFileReference section */

/* Begin PBXFrameworksBuildPhase section */
		4618BE4326D4D1E30075EA2E /* Frameworks */ = {
			isa = PBXFrameworksBuildPhase;
			buildActionMask = 2147483647;
			files = (
			);
			runOnlyForDeploymentPostprocessing = 0;
		};
/* End PBXFrameworksBuildPhase section */

/* Begin PBXGroup section */
		4618BE3D26D4D1E30075EA2E = {
			isa = PBXGroup;
			children = (
				4618BE4826D4D1E30075EA2E /* HappyPeople */,
				4618BE4726D4D1E30075EA2E /* Products */,
			);
			sourceTree = "<group>";
		};
		4618BE4726D4D1E30075EA2E /* Products */ = {
			isa = PBXGroup;
			children = (
				4618BE4626D4D1E30075EA2E /* HappyPeople.app */,
			);
			name = Products;
			sourceTree = "<group>";
		};
		4618BE4826D4D1E30075EA2E /* HappyPeople */ = {
			isa = PBXGroup;
			children = (
				46EA63CF26DB83270064A9A7 /* Model */,
				46ADF8DB26E09B5400687085 /* View */,
				4618BE5E26D4E2D30075EA2E /* Controller */,
				4618BE4926D4D1E30075EA2E /* AppDelegate.swift */,
				4618BE4B26D4D1E30075EA2E /* SceneDelegate.swift */,
				4618BE5226D4D1E80075EA2E /* Assets.xcassets */,
				4618BE5726D4D1E80075EA2E /* Info.plist */,
			);
			path = HappyPeople;
			sourceTree = "<group>";
		};
		4618BE5E26D4E2D30075EA2E /* Controller */ = {
			isa = PBXGroup;
			children = (
				46ADF8E026E0B95400687085 /* PersonCell.swift */,
				46EA63CD26DB77810064A9A7 /* ResultViewController.swift */,
				46ADF8D926E0863500687085 /* MainViewController.swift */,
				46ADF8D726E0850400687085 /* AboutViewController.swift */,
			);
			path = Controller;
			sourceTree = "<group>";
		};
		46ADF8DB26E09B5400687085 /* View */ = {
			isa = PBXGroup;
			children = (
				4618BE5426D4D1E80075EA2E /* LaunchScreen.storyboard */,
				4618BE4F26D4D1E30075EA2E /* Main.storyboard */,
				46ADF8E126E0B95400687085 /* PersonCell.xib */,
			);
			path = View;
			sourceTree = "<group>";
		};
		46EA63CF26DB83270064A9A7 /* Model */ = {
			isa = PBXGroup;
			children = (
				46ADF8D526DE2C0900687085 /* RequestHandler.swift */,
				460896E026E0CBD900D50E60 /* ResultProcessor.swift */,
			);
			path = Model;
			sourceTree = "<group>";
		};
/* End PBXGroup section */

/* Begin PBXNativeTarget section */
		4618BE4526D4D1E30075EA2E /* HappyPeople */ = {
			isa = PBXNativeTarget;
			buildConfigurationList = 4618BE5A26D4D1E80075EA2E /* Build configuration list for PBXNativeTarget "HappyPeople" */;
			buildPhases = (
				4618BE4226D4D1E30075EA2E /* Sources */,
				4618BE4326D4D1E30075EA2E /* Frameworks */,
				4618BE4426D4D1E30075EA2E /* Resources */,
			);
			buildRules = (
			);
			dependencies = (
			);
			name = HappyPeople;
			productName = RUOK;
			productReference = 4618BE4626D4D1E30075EA2E /* HappyPeople.app */;
			productType = "com.apple.product-type.application";
		};
/* End PBXNativeTarget section */

/* Begin PBXProject section */
		4618BE3E26D4D1E30075EA2E /* Project object */ = {
			isa = PBXProject;
			attributes = {
				LastSwiftUpdateCheck = 1250;
				LastUpgradeCheck = 1250;
				TargetAttributes = {
					4618BE4526D4D1E30075EA2E = {
						CreatedOnToolsVersion = 12.5.1;
					};
				};
			};
			buildConfigurationList = 4618BE4126D4D1E30075EA2E /* Build configuration list for PBXProject "HappyPeople" */;
			compatibilityVersion = "Xcode 9.3";
			developmentRegion = en;
			hasScannedForEncodings = 0;
			knownRegions = (
				en,
				Base,
			);
			mainGroup = 4618BE3D26D4D1E30075EA2E;
			productRefGroup = 4618BE4726D4D1E30075EA2E /* Products */;
			projectDirPath = "";
			projectRoot = "";
			targets = (
				4618BE4526D4D1E30075EA2E /* HappyPeople */,
			);
		};
/* End PBXProject section */

/* Begin PBXResourcesBuildPhase section */
		4618BE4426D4D1E30075EA2E /* Resources */ = {
			isa = PBXResourcesBuildPhase;
			buildActionMask = 2147483647;
			files = (
				4618BE5626D4D1E80075EA2E /* LaunchScreen.storyboard in Resources */,
				4618BE5326D4D1E80075EA2E /* Assets.xcassets in Resources */,
				4618BE5126D4D1E30075EA2E /* Main.storyboard in Resources */,
				46ADF8E326E0B95400687085 /* PersonCell.xib in Resources */,
			);
			runOnlyForDeploymentPostprocessing = 0;
		};
/* End PBXResourcesBuildPhase section */

/* Begin PBXSourcesBuildPhase section */
		4618BE4226D4D1E30075EA2E /* Sources */ = {
			isa = PBXSourcesBuildPhase;
			buildActionMask = 2147483647;
			files = (
				46ADF8DA26E0863500687085 /* MainViewController.swift in Sources */,
				46ADF8D826E0850400687085 /* AboutViewController.swift in Sources */,
				46ADF8E226E0B95400687085 /* PersonCell.swift in Sources */,
				46ADF8D626DE2C0900687085 /* RequestHandler.swift in Sources */,
				4618BE4A26D4D1E30075EA2E /* AppDelegate.swift in Sources */,
				4618BE4C26D4D1E30075EA2E /* SceneDelegate.swift in Sources */,
				460896E126E0CBD900D50E60 /* ResultProcessor.swift in Sources */,
				46EA63CE26DB77810064A9A7 /* ResultViewController.swift in Sources */,
			);
			runOnlyForDeploymentPostprocessing = 0;
		};
/* End PBXSourcesBuildPhase section */

/* Begin PBXVariantGroup section */
		4618BE4F26D4D1E30075EA2E /* Main.storyboard */ = {
			isa = PBXVariantGroup;
			children = (
				4618BE5026D4D1E30075EA2E /* Base */,
			);
			name = Main.storyboard;
			sourceTree = "<group>";
		};
		4618BE5426D4D1E80075EA2E /* LaunchScreen.storyboard */ = {
			isa = PBXVariantGroup;
			children = (
				4618BE5526D4D1E80075EA2E /* Base */,
			);
			name = LaunchScreen.storyboard;
			sourceTree = "<group>";
		};
/* End PBXVariantGroup section */

/* Begin XCBuildConfiguration section */
		4618BE5826D4D1E80075EA2E /* Debug */ = {
			isa = XCBuildConfiguration;
			buildSettings = {
				ALWAYS_SEARCH_USER_PATHS = NO;
				CLANG_ANALYZER_NONNULL = YES;
				CLANG_ANALYZER_NUMBER_OBJECT_CONVERSION = YES_AGGRESSIVE;
				CLANG_CXX_LANGUAGE_STANDARD = "gnu++14";
				CLANG_CXX_LIBRARY = "libc++";
				CLANG_ENABLE_MODULES = YES;
				CLANG_ENABLE_OBJC_ARC = YES;
				CLANG_ENABLE_OBJC_WEAK = YES;
				CLANG_WARN_BLOCK_CAPTURE_AUTORELEASING = YES;
				CLANG_WARN_BOOL_CONVERSION = YES;
				CLANG_WARN_COMMA = YES;
				CLANG_WARN_CONSTANT_CONVERSION = YES;
				CLANG_WARN_DEPRECATED_OBJC_IMPLEMENTATIONS = YES;
				CLANG_WARN_DIRECT_OBJC_ISA_USAGE = YES_ERROR;
				CLANG_WARN_DOCUMENTATION_COMMENTS = YES;
				CLANG_WARN_EMPTY_BODY = YES;
				CLANG_WARN_ENUM_CONVERSION = YES;
				CLANG_WARN_INFINITE_RECURSION = YES;
				CLANG_WARN_INT_CONVERSION = YES;
				CLANG_WARN_NON_LITERAL_NULL_CONVERSION = YES;
				CLANG_WARN_OBJC_IMPLICIT_RETAIN_SELF = YES;
				CLANG_WARN_OBJC_LITERAL_CONVERSION = YES;
				CLANG_WARN_OBJC_ROOT_CLASS = YES_ERROR;
				CLANG_WARN_QUOTED_INCLUDE_IN_FRAMEWORK_HEADER = YES;
				CLANG_WARN_RANGE_LOOP_ANALYSIS = YES;
				CLANG_WARN_STRICT_PROTOTYPES = YES;
				CLANG_WARN_SUSPICIOUS_MOVE = YES;
				CLANG_WARN_UNGUARDED_AVAILABILITY = YES_AGGRESSIVE;
				CLANG_WARN_UNREACHABLE_CODE = YES;
				CLANG_WARN__DUPLICATE_METHOD_MATCH = YES;
				COPY_PHASE_STRIP = NO;
				DEBUG_INFORMATION_FORMAT = dwarf;
				ENABLE_STRICT_OBJC_MSGSEND = YES;
				ENABLE_TESTABILITY = YES;
				GCC_C_LANGUAGE_STANDARD = gnu11;
				GCC_DYNAMIC_NO_PIC = NO;
				GCC_NO_COMMON_BLOCKS = YES;
				GCC_OPTIMIZATION_LEVEL = 0;
				GCC_PREPROCESSOR_DEFINITIONS = (
					"DEBUG=1",
					"$(inherited)",
				);
				GCC_WARN_64_TO_32_BIT_CONVERSION = YES;
				GCC_WARN_ABOUT_RETURN_TYPE = YES_ERROR;
				GCC_WARN_UNDECLARED_SELECTOR = YES;
				GCC_WARN_UNINITIALIZED_AUTOS = YES_AGGRESSIVE;
				GCC_WARN_UNUSED_FUNCTION = YES;
				GCC_WARN_UNUSED_VARIABLE = YES;
				IPHONEOS_DEPLOYMENT_TARGET = 14.5;
				MTL_ENABLE_DEBUG_INFO = INCLUDE_SOURCE;
				MTL_FAST_MATH = YES;
				ONLY_ACTIVE_ARCH = YES;
				SDKROOT = iphoneos;
				SWIFT_ACTIVE_COMPILATION_CONDITIONS = DEBUG;
				SWIFT_OPTIMIZATION_LEVEL = "-Onone";
			};
			name = Debug;
		};
		4618BE5926D4D1E80075EA2E /* Release */ = {
			isa = XCBuildConfiguration;
			buildSettings = {
				ALWAYS_SEARCH_USER_PATHS = NO;
				CLANG_ANALYZER_NONNULL = YES;
				CLANG_ANALYZER_NUMBER_OBJECT_CONVERSION = YES_AGGRESSIVE;
				CLANG_CXX_LANGUAGE_STANDARD = "gnu++14";
				CLANG_CXX_LIBRARY = "libc++";
				CLANG_ENABLE_MODULES = YES;
				CLANG_ENABLE_OBJC_ARC = YES;
				CLANG_ENABLE_OBJC_WEAK = YES;
				CLANG_WARN_BLOCK_CAPTURE_AUTORELEASING = YES;
				CLANG_WARN_BOOL_CONVERSION = YES;
				CLANG_WARN_COMMA = YES;
				CLANG_WARN_CONSTANT_CONVERSION = YES;
				CLANG_WARN_DEPRECATED_OBJC_IMPLEMENTATIONS = YES;
				CLANG_WARN_DIRECT_OBJC_ISA_USAGE = YES_ERROR;
				CLANG_WARN_DOCUMENTATION_COMMENTS = YES;
				CLANG_WARN_EMPTY_BODY = YES;
				CLANG_WARN_ENUM_CONVERSION = YES;
				CLANG_WARN_INFINITE_RECURSION = YES;
				CLANG_WARN_INT_CONVERSION = YES;
				CLANG_WARN_NON_LITERAL_NULL_CONVERSION = YES;
				CLANG_WARN_OBJC_IMPLICIT_RETAIN_SELF = YES;
				CLANG_WARN_OBJC_LITERAL_CONVERSION = YES;
				CLANG_WARN_OBJC_ROOT_CLASS = YES_ERROR;
				CLANG_WARN_QUOTED_INCLUDE_IN_FRAMEWORK_HEADER = YES;
				CLANG_WARN_RANGE_LOOP_ANALYSIS = YES;
				CLANG_WARN_STRICT_PROTOTYPES = YES;
				CLANG_WARN_SUSPICIOUS_MOVE = YES;
				CLANG_WARN_UNGUARDED_AVAILABILITY = YES_AGGRESSIVE;
				CLANG_WARN_UNREACHABLE_CODE = YES;
				CLANG_WARN__DUPLICATE_METHOD_MATCH = YES;
				COPY_PHASE_STRIP = NO;
				DEBUG_INFORMATION_FORMAT = "dwarf-with-dsym";
				ENABLE_NS_ASSERTIONS = NO;
				ENABLE_STRICT_OBJC_MSGSEND = YES;
				GCC_C_LANGUAGE_STANDARD = gnu11;
				GCC_NO_COMMON_BLOCKS = YES;
				GCC_WARN_64_TO_32_BIT_CONVERSION = YES;
				GCC_WARN_ABOUT_RETURN_TYPE = YES_ERROR;
				GCC_WARN_UNDECLARED_SELECTOR = YES;
				GCC_WARN_UNINITIALIZED_AUTOS = YES_AGGRESSIVE;
				GCC_WARN_UNUSED_FUNCTION = YES;
				GCC_WARN_UNUSED_VARIABLE = YES;
				IPHONEOS_DEPLOYMENT_TARGET = 14.5;
				MTL_ENABLE_DEBUG_INFO = NO;
				MTL_FAST_MATH = YES;
				SDKROOT = iphoneos;
				SWIFT_COMPILATION_MODE = wholemodule;
				SWIFT_OPTIMIZATION_LEVEL = "-O";
				VALIDATE_PRODUCT = YES;
			};
			name = Release;
		};
		4618BE5B26D4D1E80075EA2E /* Debug */ = {
			isa = XCBuildConfiguration;
			buildSettings = {
				ASSETCATALOG_COMPILER_APPICON_NAME = AppIcon;
				ASSETCATALOG_COMPILER_GLOBAL_ACCENT_COLOR_NAME = AccentColor;
				CODE_SIGN_STYLE = Automatic;
				DEVELOPMENT_TEAM = D5A38UATT9;
				INFOPLIST_FILE = HappyPeople/Info.plist;
				IPHONEOS_DEPLOYMENT_TARGET = 13.0;
				LD_RUNPATH_SEARCH_PATHS = (
					"$(inherited)",
					"@executable_path/Frameworks",
				);
				MARKETING_VERSION = 0.1.0;
				PRODUCT_BUNDLE_IDENTIFIER = space.unimeow.HappyPeople;
				PRODUCT_NAME = "$(TARGET_NAME)";
				SWIFT_VERSION = 5.0;
				TARGETED_DEVICE_FAMILY = 1;
			};
			name = Debug;
		};
		4618BE5C26D4D1E80075EA2E /* Release */ = {
			isa = XCBuildConfiguration;
			buildSettings = {
				ASSETCATALOG_COMPILER_APPICON_NAME = AppIcon;
				ASSETCATALOG_COMPILER_GLOBAL_ACCENT_COLOR_NAME = AccentColor;
				CODE_SIGN_STYLE = Automatic;
				DEVELOPMENT_TEAM = D5A38UATT9;
				INFOPLIST_FILE = HappyPeople/Info.plist;
				IPHONEOS_DEPLOYMENT_TARGET = 13.0;
				LD_RUNPATH_SEARCH_PATHS = (
					"$(inherited)",
					"@executable_path/Frameworks",
				);
				MARKETING_VERSION = 0.1.0;
				PRODUCT_BUNDLE_IDENTIFIER = space.unimeow.HappyPeople;
				PRODUCT_NAME = "$(TARGET_NAME)";
				SWIFT_VERSION = 5.0;
				TARGETED_DEVICE_FAMILY = 1;
			};
			name = Release;
		};
/* End XCBuildConfiguration section */

/* Begin XCConfigurationList section */
		4618BE4126D4D1E30075EA2E /* Build configuration list for PBXProject "HappyPeople" */ = {
			isa = XCConfigurationList;
			buildConfigurations = (
				4618BE5826D4D1E80075EA2E /* Debug */,
				4618BE5926D4D1E80075EA2E /* Release */,
			);
			defaultConfigurationIsVisible = 0;
			defaultConfigurationName = Release;
		};
		4618BE5A26D4D1E80075EA2E /* Build configuration list for PBXNativeTarget "HappyPeople" */ = {
			isa = XCConfigurationList;
			buildConfigurations = (
				4618BE5B26D4D1E80075EA2E /* Debug */,
				4618BE5C26D4D1E80075EA2E /* Release */,
			);
			defaultConfigurationIsVisible = 0;
			defaultConfigurationName = Release;
		};
/* End XCConfigurationList section */
	};
	rootObject = 4618BE3E26D4D1E30075EA2E /* Project object */;
}
